{
  "name": "nullshield-tester-typescript",
  "version": "0.1.0",
  "lockfileVersion": 1,
  "requires": true,
  "dependencies": {
    "nullshield": {
      "version": "0.8.0",
      "resolved": "https://registry.npmjs.org/nullshield/-/nullshield-0.8.0.tgz",
      "integrity": "sha512-o1hYUwFoFe0SDsIc/gwmiaDMlwdfXgZjVZLrL4sPqjytcqTVi8iZhtIXr1l3+y8zMHAjZ2V12FT40UQSWaAkmQ=="
    }
  }
}
