{
  "name": "nullshield-tester-typescript",
  "version": "0.1.0",
  "lockfileVersion": 1,
  "requires": true,
  "dependencies": {
    "nullshield": {
      "version": "0.7.0",
      "resolved": "https://registry.npmjs.org/nullshield/-/nullshield-0.7.0.tgz",
      "integrity": "sha512-it8sVTlG9vLEn+mtVXBC0IXe0dN3eLUajcPTcPdlUgsD61cfsOLAKKZv7haXXgsNI9I7NOO9njWeB/VM/Tn23A=="
    }
  }
}
