{
  "name": "nullshield-tester-typescript",
  "version": "0.1.0",
  "lockfileVersion": 1,
  "requires": true,
  "dependencies": {
    "nullshield": {
      "version": "0.4.0",
      "resolved": "https://registry.npmjs.org/nullshield/-/nullshield-0.4.0.tgz",
      "integrity": "sha512-6/UmCWzEYNWJUpKY0XUUMw1cAowqOrhKR+UdYJCU+yixu8KklMzZG6F8A3EKDUO8ut6sPCysdN3jXNKUQL0R/A=="
    }
  }
}
